
Microsoft Visual Studio Solution File, Format Version 12.00
# Visual Studio 15
VisualStudioVersion = 15.0.28307.168
MinimumVisualStudioVersion = 10.0.40219.1
Project("{9A19103F-16F7-4668-BE54-9A1E7A4F7556}") = "GuardiasAPI_Jobs", "GuardiasAPI_Jobs\GuardiasAPI_Jobs.csproj", "{0640EDA9-3730-44AC-8AF2-14E6A2533E58}"
EndProject
Project("{9A19103F-16F7-4668-BE54-9A1E7A4F7556}") = "GuardiasAPI.Jobs.Models", "GuardiasAPI.Jobs.Models\GuardiasAPI.Jobs.Models.csproj", "{66FF43F7-3E50-4F0D-B0FE-1DF2CC2F84E0}"
EndProject
Global
	GlobalSection(SolutionConfigurationPlatforms) = preSolution
		Debug|Any CPU = Debug|Any CPU
		Release|Any CPU = Release|Any CPU
	EndGlobalSection
	GlobalSection(ProjectConfigurationPlatforms) = postSolution
		{0640EDA9-3730-44AC-8AF2-14E6A2533E58}.Debug|Any CPU.ActiveCfg = Debug|Any CPU
		{0640EDA9-3730-44AC-8AF2-14E6A2533E58}.Debug|Any CPU.Build.0 = Debug|Any CPU
		{0640EDA9-3730-44AC-8AF2-14E6A2533E58}.Release|Any CPU.ActiveCfg = Release|Any CPU
		{0640EDA9-3730-44AC-8AF2-14E6A2533E58}.Release|Any CPU.Build.0 = Release|Any CPU
		{66FF43F7-3E50-4F0D-B0FE-1DF2CC2F84E0}.Debug|Any CPU.ActiveCfg = Debug|Any CPU
		{66FF43F7-3E50-4F0D-B0FE-1DF2CC2F84E0}.Debug|Any CPU.Build.0 = Debug|Any CPU
		{66FF43F7-3E50-4F0D-B0FE-1DF2CC2F84E0}.Release|Any CPU.ActiveCfg = Release|Any CPU
		{66FF43F7-3E50-4F0D-B0FE-1DF2CC2F84E0}.Release|Any CPU.Build.0 = Release|Any CPU
	EndGlobalSection
	GlobalSection(SolutionProperties) = preSolution
		HideSolutionNode = FALSE
	EndGlobalSection
	GlobalSection(ExtensibilityGlobals) = postSolution
		SolutionGuid = {F282D215-7B3C-4398-B59D-9F0B5810050C}
	EndGlobalSection
EndGlobal
